
Microsoft Visual Studio Solution File, Format Version 12.00
# Visual Studio 14
VisualStudioVersion = 14.0.25420.1
MinimumVisualStudioVersion = 10.0.40219.1
Project("{FAE04EC0-301F-11D3-BF4B-00C04F79EFBC}") = "HotKeyComponent", "src\HotKeyComponent.csproj", "{47428444-A7B0-43CE-9305-9542E9047D2C}"
EndProject
Project("{FAE04EC0-301F-11D3-BF4B-00C04F79EFBC}") = "HotKeyComponentDemo", "demo\HotKeyComponentDemo.csproj", "{DDC46B0C-1B06-47BF-9BDE-CBEDE5D774AF}"
EndProject
Global
	GlobalSection(SolutionConfigurationPlatforms) = preSolution
		Debug|Any CPU = Debug|Any CPU
		Release|Any CPU = Release|Any CPU
	EndGlobalSection
	GlobalSection(ProjectConfigurationPlatforms) = postSolution
		{47428444-A7B0-43CE-9305-9542E9047D2C}.Debug|Any CPU.ActiveCfg = Debug|Any CPU
		{47428444-A7B0-43CE-9305-9542E9047D2C}.Debug|Any CPU.Build.0 = Debug|Any CPU
		{47428444-A7B0-43CE-9305-9542E9047D2C}.Release|Any CPU.ActiveCfg = Release|Any CPU
		{47428444-A7B0-43CE-9305-9542E9047D2C}.Release|Any CPU.Build.0 = Release|Any CPU
		{DDC46B0C-1B06-47BF-9BDE-CBEDE5D774AF}.Debug|Any CPU.ActiveCfg = Debug|Any CPU
		{DDC46B0C-1B06-47BF-9BDE-CBEDE5D774AF}.Debug|Any CPU.Build.0 = Debug|Any CPU
		{DDC46B0C-1B06-47BF-9BDE-CBEDE5D774AF}.Release|Any CPU.ActiveCfg = Release|Any CPU
		{DDC46B0C-1B06-47BF-9BDE-CBEDE5D774AF}.Release|Any CPU.Build.0 = Release|Any CPU
	EndGlobalSection
	GlobalSection(SolutionProperties) = preSolution
		HideSolutionNode = FALSE
	EndGlobalSection
EndGlobal
